
Microsoft Visual Studio Solution File, Format Version 12.00
# Visual Studio Version 17
VisualStudioVersion = 17.0.31903.59
MinimumVisualStudioVersion = 10.0.40219.1
Project("{FAE04EC0-301F-11D3-BF4B-00C04F79EFBC}") = "Zavrsna_Aplikacija", "Zavrsna_Aplikacija.csproj", "{019AE779-F439-4459-8244-823C63AE7517}"
EndProject
Global
	GlobalSection(SolutionConfigurationPlatforms) = preSolution
		Debug|Any CPU = Debug|Any CPU
		Release|Any CPU = Release|Any CPU
	EndGlobalSection
	GlobalSection(ProjectConfigurationPlatforms) = postSolution
		{019AE779-F439-4459-8244-823C63AE7517}.Debug|Any CPU.ActiveCfg = Debug|Any CPU
		{019AE779-F439-4459-8244-823C63AE7517}.Debug|Any CPU.Build.0 = Debug|Any CPU
		{019AE779-F439-4459-8244-823C63AE7517}.Release|Any CPU.ActiveCfg = Release|Any CPU
		{019AE779-F439-4459-8244-823C63AE7517}.Release|Any CPU.Build.0 = Release|Any CPU
	EndGlobalSection
	GlobalSection(SolutionProperties) = preSolution
		HideSolutionNode = FALSE
	EndGlobalSection
	GlobalSection(ExtensibilityGlobals) = postSolution
		SolutionGuid = {F3BE3219-0563-4463-ABC3-244B6790DFBB}
	EndGlobalSection
EndGlobal
